// !$*UTF8*$!
{
	archiveVersion = 1;
	classes = {
	};
	objectVersion = 50;
	objects = {

/* Begin PBXBuildFile section */
		FA10109B24B146D1005328F0 /* ToDoBarTableViewController.swift in Sources */ = {isa = PBXBuildFile; fileRef = FA10109A24B146D1005328F0 /* ToDoBarTableViewController.swift */; };
		FA10109D24B147B7005328F0 /* ActivityTableViewCell.swift in Sources */ = {isa = PBXBuildFile; fileRef = FA10109C24B147B7005328F0 /* ActivityTableViewCell.swift */; };
		FA10109F24B1480E005328F0 /* AgendaCollectionViewController.swift in Sources */ = {isa = PBXBuildFile; fileRef = FA10109E24B1480E005328F0 /* AgendaCollectionViewController.swift */; };
		FA3E20FE24B349F700E8F4CF /* AddActivityTableViewCell.swift in Sources */ = {isa = PBXBuildFile; fileRef = FA3E20FD24B349F700E8F4CF /* AddActivityTableViewCell.swift */; };
		FA649B3824B4C69800117607 /* purposesActivity.swift in Sources */ = {isa = PBXBuildFile; fileRef = FA649B3724B4C69800117607 /* purposesActivity.swift */; };
		FA649B3B24B5F09F00117607 /* InformationViewController.swift in Sources */ = {isa = PBXBuildFile; fileRef = FA649B3A24B5F09F00117607 /* InformationViewController.swift */; };
		FAB11D6E24AA44630013A2D5 /* AppDelegate.swift in Sources */ = {isa = PBXBuildFile; fileRef = FAB11D6D24AA44630013A2D5 /* AppDelegate.swift */; };
		FAB11D7024AA44630013A2D5 /* SceneDelegate.swift in Sources */ = {isa = PBXBuildFile; fileRef = FAB11D6F24AA44630013A2D5 /* SceneDelegate.swift */; };
		FAB11D7224AA44630013A2D5 /* ViewController.swift in Sources */ = {isa = PBXBuildFile; fileRef = FAB11D7124AA44630013A2D5 /* ViewController.swift */; };
		FAB11D7524AA44630013A2D5 /* Main.storyboard in Resources */ = {isa = PBXBuildFile; fileRef = FAB11D7324AA44630013A2D5 /* Main.storyboard */; };
		FAB11D7724AA44680013A2D5 /* Assets.xcassets in Resources */ = {isa = PBXBuildFile; fileRef = FAB11D7624AA44680013A2D5 /* Assets.xcassets */; };
		FAB11D7A24AA44680013A2D5 /* LaunchScreen.storyboard in Resources */ = {isa = PBXBuildFile; fileRef = FAB11D7824AA44680013A2D5 /* LaunchScreen.storyboard */; };
/* End PBXBuildFile section */

/* Begin PBXFileReference section */
		FA10109A24B146D1005328F0 /* ToDoBarTableViewController.swift */ = {isa = PBXFileReference; lastKnownFileType = sourcecode.swift; path = ToDoBarTableViewController.swift; sourceTree = "<group>"; };
		FA10109C24B147B7005328F0 /* ActivityTableViewCell.swift */ = {isa = PBXFileReference; lastKnownFileType = sourcecode.swift; path = ActivityTableViewCell.swift; sourceTree = "<group>"; };
		FA10109E24B1480E005328F0 /* AgendaCollectionViewController.swift */ = {isa = PBXFileReference; lastKnownFileType = sourcecode.swift; path = AgendaCollectionViewController.swift; sourceTree = "<group>"; };
		FA3E20FD24B349F700E8F4CF /* AddActivityTableViewCell.swift */ = {isa = PBXFileReference; lastKnownFileType = sourcecode.swift; path = AddActivityTableViewCell.swift; sourceTree = "<group>"; };
		FA649B3724B4C69800117607 /* purposesActivity.swift */ = {isa = PBXFileReference; lastKnownFileType = sourcecode.swift; path = purposesActivity.swift; sourceTree = "<group>"; };
		FA649B3A24B5F09F00117607 /* InformationViewController.swift */ = {isa = PBXFileReference; lastKnownFileType = sourcecode.swift; path = InformationViewController.swift; sourceTree = "<group>"; };
		FAB11D6A24AA44630013A2D5 /* DoItTimeFirstTest.app */ = {isa = PBXFileReference; explicitFileType = wrapper.application; includeInIndex = 0; path = DoItTimeFirstTest.app; sourceTree = BUILT_PRODUCTS_DIR; };
		FAB11D6D24AA44630013A2D5 /* AppDelegate.swift */ = {isa = PBXFileReference; lastKnownFileType = sourcecode.swift; path = AppDelegate.swift; sourceTree = "<group>"; };
		FAB11D6F24AA44630013A2D5 /* SceneDelegate.swift */ = {isa = PBXFileReference; lastKnownFileType = sourcecode.swift; path = SceneDelegate.swift; sourceTree = "<group>"; };
		FAB11D7124AA44630013A2D5 /* ViewController.swift */ = {isa = PBXFileReference; lastKnownFileType = sourcecode.swift; path = ViewController.swift; sourceTree = "<group>"; };
		FAB11D7424AA44630013A2D5 /* Base */ = {isa = PBXFileReference; lastKnownFileType = file.storyboard; name = Base; path = Base.lproj/Main.storyboard; sourceTree = "<group>"; };
		FAB11D7624AA44680013A2D5 /* Assets.xcassets */ = {isa = PBXFileReference; lastKnownFileType = folder.assetcatalog; path = Assets.xcassets; sourceTree = "<group>"; };
		FAB11D7924AA44680013A2D5 /* Base */ = {isa = PBXFileReference; lastKnownFileType = file.storyboard; name = Base; path = Base.lproj/LaunchScreen.storyboard; sourceTree = "<group>"; };
		FAB11D7B24AA44680013A2D5 /* Info.plist */ = {isa = PBXFileReference; lastKnownFileType = text.plist.xml; path = Info.plist; sourceTree = "<group>"; };
/* End PBXFileReference section */

/* Begin PBXFrameworksBuildPhase section */
		FAB11D6724AA44630013A2D5 /* Frameworks */ = {
			isa = PBXFrameworksBuildPhase;
			buildActionMask = 2147483647;
			files = (
			);
			runOnlyForDeploymentPostprocessing = 0;
		};
/* End PBXFrameworksBuildPhase section */

/* Begin PBXGroup section */
		FA649B3024B4C42D00117607 /* storyboards */ = {
			isa = PBXGroup;
			children = (
				FAB11D7324AA44630013A2D5 /* Main.storyboard */,
				FAB11D7824AA44680013A2D5 /* LaunchScreen.storyboard */,
			);
			path = storyboards;
			sourceTree = "<group>";
		};
		FA649B3124B4C47000117607 /* delegates */ = {
			isa = PBXGroup;
			children = (
				FAB11D6D24AA44630013A2D5 /* AppDelegate.swift */,
				FAB11D6F24AA44630013A2D5 /* SceneDelegate.swift */,
			);
			path = delegates;
			sourceTree = "<group>";
		};
		FA649B3224B4C49C00117607 /* supportingFiles */ = {
			isa = PBXGroup;
			children = (
				FA649B3124B4C47000117607 /* delegates */,
				FAB11D7624AA44680013A2D5 /* Assets.xcassets */,
				FAB11D7B24AA44680013A2D5 /* Info.plist */,
			);
			path = supportingFiles;
			sourceTree = "<group>";
		};
		FA649B3324B4C50300117607 /* ToDoBarTabelVC */ = {
			isa = PBXGroup;
			children = (
				FA10109A24B146D1005328F0 /* ToDoBarTableViewController.swift */,
				FA10109C24B147B7005328F0 /* ActivityTableViewCell.swift */,
				FA3E20FD24B349F700E8F4CF /* AddActivityTableViewCell.swift */,
				FA649B3924B5F05F00117607 /* InformationVC */,
			);
			path = ToDoBarTabelVC;
			sourceTree = "<group>";
		};
		FA649B3424B4C51800117607 /* AgendaCollectionVC */ = {
			isa = PBXGroup;
			children = (
				FA10109E24B1480E005328F0 /* AgendaCollectionViewController.swift */,
			);
			path = AgendaCollectionVC;
			sourceTree = "<group>";
		};
		FA649B3524B4C58200117607 /* MainViewController */ = {
			isa = PBXGroup;
			children = (
				FAB11D7124AA44630013A2D5 /* ViewController.swift */,
			);
			path = MainViewController;
			sourceTree = "<group>";
		};
		FA649B3624B4C59D00117607 /* Models */ = {
			isa = PBXGroup;
			children = (
				FA649B3724B4C69800117607 /* purposesActivity.swift */,
			);
			path = Models;
			sourceTree = "<group>";
		};
		FA649B3924B5F05F00117607 /* InformationVC */ = {
			isa = PBXGroup;
			children = (
				FA649B3A24B5F09F00117607 /* InformationViewController.swift */,
			);
			path = InformationVC;
			sourceTree = "<group>";
		};
		FAB11D6124AA44630013A2D5 = {
			isa = PBXGroup;
			children = (
				FAB11D6C24AA44630013A2D5 /* DoItTimeFirstTest */,
				FAB11D6B24AA44630013A2D5 /* Products */,
			);
			sourceTree = "<group>";
		};
		FAB11D6B24AA44630013A2D5 /* Products */ = {
			isa = PBXGroup;
			children = (
				FAB11D6A24AA44630013A2D5 /* DoItTimeFirstTest.app */,
			);
			name = Products;
			sourceTree = "<group>";
		};
		FAB11D6C24AA44630013A2D5 /* DoItTimeFirstTest */ = {
			isa = PBXGroup;
			children = (
				FA649B3524B4C58200117607 /* MainViewController */,
				FA649B3324B4C50300117607 /* ToDoBarTabelVC */,
				FA649B3424B4C51800117607 /* AgendaCollectionVC */,
				FA649B3024B4C42D00117607 /* storyboards */,
				FA649B3624B4C59D00117607 /* Models */,
				FA649B3224B4C49C00117607 /* supportingFiles */,
			);
			path = DoItTimeFirstTest;
			sourceTree = "<group>";
		};
/* End PBXGroup section */

/* Begin PBXNativeTarget section */
		FAB11D6924AA44630013A2D5 /* DoItTimeFirstTest */ = {
			isa = PBXNativeTarget;
			buildConfigurationList = FAB11D7E24AA44680013A2D5 /* Build configuration list for PBXNativeTarget "DoItTimeFirstTest" */;
			buildPhases = (
				FAB11D6624AA44630013A2D5 /* Sources */,
				FAB11D6724AA44630013A2D5 /* Frameworks */,
				FAB11D6824AA44630013A2D5 /* Resources */,
			);
			buildRules = (
			);
			dependencies = (
			);
			name = DoItTimeFirstTest;
			productName = DoItTimeFirstTest;
			productReference = FAB11D6A24AA44630013A2D5 /* DoItTimeFirstTest.app */;
			productType = "com.apple.product-type.application";
		};
/* End PBXNativeTarget section */

/* Begin PBXProject section */
		FAB11D6224AA44630013A2D5 /* Project object */ = {
			isa = PBXProject;
			attributes = {
				LastSwiftUpdateCheck = 1150;
				LastUpgradeCheck = 1150;
				ORGANIZATIONNAME = "Igor Simonov";
				TargetAttributes = {
					FAB11D6924AA44630013A2D5 = {
						CreatedOnToolsVersion = 11.5;
					};
				};
			};
			buildConfigurationList = FAB11D6524AA44630013A2D5 /* Build configuration list for PBXProject "DoItTimeFirstTest" */;
			compatibilityVersion = "Xcode 9.3";
			developmentRegion = en;
			hasScannedForEncodings = 0;
			knownRegions = (
				en,
				Base,
			);
			mainGroup = FAB11D6124AA44630013A2D5;
			productRefGroup = FAB11D6B24AA44630013A2D5 /* Products */;
			projectDirPath = "";
			projectRoot = "";
			targets = (
				FAB11D6924AA44630013A2D5 /* DoItTimeFirstTest */,
			);
		};
/* End PBXProject section */

/* Begin PBXResourcesBuildPhase section */
		FAB11D6824AA44630013A2D5 /* Resources */ = {
			isa = PBXResourcesBuildPhase;
			buildActionMask = 2147483647;
			files = (
				FAB11D7A24AA44680013A2D5 /* LaunchScreen.storyboard in Resources */,
				FAB11D7724AA44680013A2D5 /* Assets.xcassets in Resources */,
				FAB11D7524AA44630013A2D5 /* Main.storyboard in Resources */,
			);
			runOnlyForDeploymentPostprocessing = 0;
		};
/* End PBXResourcesBuildPhase section */

/* Begin PBXSourcesBuildPhase section */
		FAB11D6624AA44630013A2D5 /* Sources */ = {
			isa = PBXSourcesBuildPhase;
			buildActionMask = 2147483647;
			files = (
				FA10109F24B1480E005328F0 /* AgendaCollectionViewController.swift in Sources */,
				FAB11D7224AA44630013A2D5 /* ViewController.swift in Sources */,
				FAB11D6E24AA44630013A2D5 /* AppDelegate.swift in Sources */,
				FA10109D24B147B7005328F0 /* ActivityTableViewCell.swift in Sources */,
				FA3E20FE24B349F700E8F4CF /* AddActivityTableViewCell.swift in Sources */,
				FA10109B24B146D1005328F0 /* ToDoBarTableViewController.swift in Sources */,
				FAB11D7024AA44630013A2D5 /* SceneDelegate.swift in Sources */,
				FA649B3824B4C69800117607 /* purposesActivity.swift in Sources */,
				FA649B3B24B5F09F00117607 /* InformationViewController.swift in Sources */,
			);
			runOnlyForDeploymentPostprocessing = 0;
		};
/* End PBXSourcesBuildPhase section */

/* Begin PBXVariantGroup section */
		FAB11D7324AA44630013A2D5 /* Main.storyboard */ = {
			isa = PBXVariantGroup;
			children = (
				FAB11D7424AA44630013A2D5 /* Base */,
			);
			name = Main.storyboard;
			sourceTree = "<group>";
		};
		FAB11D7824AA44680013A2D5 /* LaunchScreen.storyboard */ = {
			isa = PBXVariantGroup;
			children = (
				FAB11D7924AA44680013A2D5 /* Base */,
			);
			name = LaunchScreen.storyboard;
			sourceTree = "<group>";
		};
/* End PBXVariantGroup section */

/* Begin XCBuildConfiguration section */
		FAB11D7C24AA44680013A2D5 /* Debug */ = {
			isa = XCBuildConfiguration;
			buildSettings = {
				ALWAYS_SEARCH_USER_PATHS = NO;
				CLANG_ANALYZER_NONNULL = YES;
				CLANG_ANALYZER_NUMBER_OBJECT_CONVERSION = YES_AGGRESSIVE;
				CLANG_CXX_LANGUAGE_STANDARD = "gnu++14";
				CLANG_CXX_LIBRARY = "libc++";
				CLANG_ENABLE_MODULES = YES;
				CLANG_ENABLE_OBJC_ARC = YES;
				CLANG_ENABLE_OBJC_WEAK = YES;
				CLANG_WARN_BLOCK_CAPTURE_AUTORELEASING = YES;
				CLANG_WARN_BOOL_CONVERSION = YES;
				CLANG_WARN_COMMA = YES;
				CLANG_WARN_CONSTANT_CONVERSION = YES;
				CLANG_WARN_DEPRECATED_OBJC_IMPLEMENTATIONS = YES;
				CLANG_WARN_DIRECT_OBJC_ISA_USAGE = YES_ERROR;
				CLANG_WARN_DOCUMENTATION_COMMENTS = YES;
				CLANG_WARN_EMPTY_BODY = YES;
				CLANG_WARN_ENUM_CONVERSION = YES;
				CLANG_WARN_INFINITE_RECURSION = YES;
				CLANG_WARN_INT_CONVERSION = YES;
				CLANG_WARN_NON_LITERAL_NULL_CONVERSION = YES;
				CLANG_WARN_OBJC_IMPLICIT_RETAIN_SELF = YES;
				CLANG_WARN_OBJC_LITERAL_CONVERSION = YES;
				CLANG_WARN_OBJC_ROOT_CLASS = YES_ERROR;
				CLANG_WARN_RANGE_LOOP_ANALYSIS = YES;
				CLANG_WARN_STRICT_PROTOTYPES = YES;
				CLANG_WARN_SUSPICIOUS_MOVE = YES;
				CLANG_WARN_UNGUARDED_AVAILABILITY = YES_AGGRESSIVE;
				CLANG_WARN_UNREACHABLE_CODE = YES;
				CLANG_WARN__DUPLICATE_METHOD_MATCH = YES;
				COPY_PHASE_STRIP = NO;
				DEBUG_INFORMATION_FORMAT = dwarf;
				ENABLE_STRICT_OBJC_MSGSEND = YES;
				ENABLE_TESTABILITY = YES;
				GCC_C_LANGUAGE_STANDARD = gnu11;
				GCC_DYNAMIC_NO_PIC = NO;
				GCC_NO_COMMON_BLOCKS = YES;
				GCC_OPTIMIZATION_LEVEL = 0;
				GCC_PREPROCESSOR_DEFINITIONS = (
					"DEBUG=1",
					"$(inherited)",
				);
				GCC_WARN_64_TO_32_BIT_CONVERSION = YES;
				GCC_WARN_ABOUT_RETURN_TYPE = YES_ERROR;
				GCC_WARN_UNDECLARED_SELECTOR = YES;
				GCC_WARN_UNINITIALIZED_AUTOS = YES_AGGRESSIVE;
				GCC_WARN_UNUSED_FUNCTION = YES;
				GCC_WARN_UNUSED_VARIABLE = YES;
				IPHONEOS_DEPLOYMENT_TARGET = 13.5;
				MTL_ENABLE_DEBUG_INFO = INCLUDE_SOURCE;
				MTL_FAST_MATH = YES;
				ONLY_ACTIVE_ARCH = YES;
				SDKROOT = iphoneos;
				SWIFT_ACTIVE_COMPILATION_CONDITIONS = DEBUG;
				SWIFT_OPTIMIZATION_LEVEL = "-Onone";
			};
			name = Debug;
		};
		FAB11D7D24AA44680013A2D5 /* Release */ = {
			isa = XCBuildConfiguration;
			buildSettings = {
				ALWAYS_SEARCH_USER_PATHS = NO;
				CLANG_ANALYZER_NONNULL = YES;
				CLANG_ANALYZER_NUMBER_OBJECT_CONVERSION = YES_AGGRESSIVE;
				CLANG_CXX_LANGUAGE_STANDARD = "gnu++14";
				CLANG_CXX_LIBRARY = "libc++";
				CLANG_ENABLE_MODULES = YES;
				CLANG_ENABLE_OBJC_ARC = YES;
				CLANG_ENABLE_OBJC_WEAK = YES;
				CLANG_WARN_BLOCK_CAPTURE_AUTORELEASING = YES;
				CLANG_WARN_BOOL_CONVERSION = YES;
				CLANG_WARN_COMMA = YES;
				CLANG_WARN_CONSTANT_CONVERSION = YES;
				CLANG_WARN_DEPRECATED_OBJC_IMPLEMENTATIONS = YES;
				CLANG_WARN_DIRECT_OBJC_ISA_USAGE = YES_ERROR;
				CLANG_WARN_DOCUMENTATION_COMMENTS = YES;
				CLANG_WARN_EMPTY_BODY = YES;
				CLANG_WARN_ENUM_CONVERSION = YES;
				CLANG_WARN_INFINITE_RECURSION = YES;
				CLANG_WARN_INT_CONVERSION = YES;
				CLANG_WARN_NON_LITERAL_NULL_CONVERSION = YES;
				CLANG_WARN_OBJC_IMPLICIT_RETAIN_SELF = YES;
				CLANG_WARN_OBJC_LITERAL_CONVERSION = YES;
				CLANG_WARN_OBJC_ROOT_CLASS = YES_ERROR;
				CLANG_WARN_RANGE_LOOP_ANALYSIS = YES;
				CLANG_WARN_STRICT_PROTOTYPES = YES;
				CLANG_WARN_SUSPICIOUS_MOVE = YES;
				CLANG_WARN_UNGUARDED_AVAILABILITY = YES_AGGRESSIVE;
				CLANG_WARN_UNREACHABLE_CODE = YES;
				CLANG_WARN__DUPLICATE_METHOD_MATCH = YES;
				COPY_PHASE_STRIP = NO;
				DEBUG_INFORMATION_FORMAT = "dwarf-with-dsym";
				ENABLE_NS_ASSERTIONS = NO;
				ENABLE_STRICT_OBJC_MSGSEND = YES;
				GCC_C_LANGUAGE_STANDARD = gnu11;
				GCC_NO_COMMON_BLOCKS = YES;
				GCC_WARN_64_TO_32_BIT_CONVERSION = YES;
				GCC_WARN_ABOUT_RETURN_TYPE = YES_ERROR;
				GCC_WARN_UNDECLARED_SELECTOR = YES;
				GCC_WARN_UNINITIALIZED_AUTOS = YES_AGGRESSIVE;
				GCC_WARN_UNUSED_FUNCTION = YES;
				GCC_WARN_UNUSED_VARIABLE = YES;
				IPHONEOS_DEPLOYMENT_TARGET = 13.5;
				MTL_ENABLE_DEBUG_INFO = NO;
				MTL_FAST_MATH = YES;
				SDKROOT = iphoneos;
				SWIFT_COMPILATION_MODE = wholemodule;
				SWIFT_OPTIMIZATION_LEVEL = "-O";
				VALIDATE_PRODUCT = YES;
			};
			name = Release;
		};
		FAB11D7F24AA44680013A2D5 /* Debug */ = {
			isa = XCBuildConfiguration;
			buildSettings = {
				ASSETCATALOG_COMPILER_APPICON_NAME = AppIcon;
				CODE_SIGN_STYLE = Automatic;
				INFOPLIST_FILE = DoItTimeFirstTest/supportingFiles/Info.plist;
				LD_RUNPATH_SEARCH_PATHS = (
					"$(inherited)",
					"@executable_path/Frameworks",
				);
				PRODUCT_BUNDLE_IDENTIFIER = macbook.DoItTimeFirstTest;
				PRODUCT_NAME = "$(TARGET_NAME)";
				SWIFT_VERSION = 5.0;
				TARGETED_DEVICE_FAMILY = 1;
			};
			name = Debug;
		};
		FAB11D8024AA44680013A2D5 /* Release */ = {
			isa = XCBuildConfiguration;
			buildSettings = {
				ASSETCATALOG_COMPILER_APPICON_NAME = AppIcon;
				CODE_SIGN_STYLE = Automatic;
				INFOPLIST_FILE = DoItTimeFirstTest/supportingFiles/Info.plist;
				LD_RUNPATH_SEARCH_PATHS = (
					"$(inherited)",
					"@executable_path/Frameworks",
				);
				PRODUCT_BUNDLE_IDENTIFIER = macbook.DoItTimeFirstTest;
				PRODUCT_NAME = "$(TARGET_NAME)";
				SWIFT_VERSION = 5.0;
				TARGETED_DEVICE_FAMILY = 1;
			};
			name = Release;
		};
/* End XCBuildConfiguration section */

/* Begin XCConfigurationList section */
		FAB11D6524AA44630013A2D5 /* Build configuration list for PBXProject "DoItTimeFirstTest" */ = {
			isa = XCConfigurationList;
			buildConfigurations = (
				FAB11D7C24AA44680013A2D5 /* Debug */,
				FAB11D7D24AA44680013A2D5 /* Release */,
			);
			defaultConfigurationIsVisible = 0;
			defaultConfigurationName = Release;
		};
		FAB11D7E24AA44680013A2D5 /* Build configuration list for PBXNativeTarget "DoItTimeFirstTest" */ = {
			isa = XCConfigurationList;
			buildConfigurations = (
				FAB11D7F24AA44680013A2D5 /* Debug */,
				FAB11D8024AA44680013A2D5 /* Release */,
			);
			defaultConfigurationIsVisible = 0;
			defaultConfigurationName = Release;
		};
/* End XCConfigurationList section */
	};
	rootObject = FAB11D6224AA44630013A2D5 /* Project object */;
}
